
Microsoft Visual Studio Solution File, Format Version 12.00
# Visual Studio Version 17
VisualStudioVersion = 17.10.35027.167
MinimumVisualStudioVersion = 10.0.40219.1
Project("{9A19103F-16F7-4668-BE54-9A1E7A4F7556}") = "ShortIT", "ShortIT\ShortIT.csproj", "{6E6045A5-8D47-4714-A1CB-6A44929E3F1F}"
EndProject
Global
	GlobalSection(SolutionConfigurationPlatforms) = preSolution
		Debug|Any CPU = Debug|Any CPU
		Release|Any CPU = Release|Any CPU
	EndGlobalSection
	GlobalSection(ProjectConfigurationPlatforms) = postSolution
		{6E6045A5-8D47-4714-A1CB-6A44929E3F1F}.Debug|Any CPU.ActiveCfg = Debug|Any CPU
		{6E6045A5-8D47-4714-A1CB-6A44929E3F1F}.Debug|Any CPU.Build.0 = Debug|Any CPU
		{6E6045A5-8D47-4714-A1CB-6A44929E3F1F}.Release|Any CPU.ActiveCfg = Release|Any CPU
		{6E6045A5-8D47-4714-A1CB-6A44929E3F1F}.Release|Any CPU.Build.0 = Release|Any CPU
	EndGlobalSection
	GlobalSection(SolutionProperties) = preSolution
		HideSolutionNode = FALSE
	EndGlobalSection
	GlobalSection(ExtensibilityGlobals) = postSolution
		SolutionGuid = {4D611706-67B7-42C7-BA5E-BF2142427A07}
	EndGlobalSection
EndGlobal
